
Microsoft Visual Studio Solution File, Format Version 12.00
# Visual Studio Version 17
VisualStudioVersion = 17.9.34728.123
MinimumVisualStudioVersion = 10.0.40219.1
Project("{9A19103F-16F7-4668-BE54-9A1E7A4F7556}") = "FileAPI", "FileAPI\FileAPI.csproj", "{73B70AEC-A629-4861-B7CD-34AF38D90B80}"
EndProject
Project("{FAE04EC0-301F-11D3-BF4B-00C04F79EFBC}") = "AuthAPI", "AuthAPI\AuthAPI.csproj", "{2B447945-FF83-43D5-B9E7-6C7DBB5F72A5}"
EndProject
Global
	GlobalSection(SolutionConfigurationPlatforms) = preSolution
		Debug|Any CPU = Debug|Any CPU
		Release|Any CPU = Release|Any CPU
	EndGlobalSection
	GlobalSection(ProjectConfigurationPlatforms) = postSolution
		{73B70AEC-A629-4861-B7CD-34AF38D90B80}.Debug|Any CPU.ActiveCfg = Debug|Any CPU
		{73B70AEC-A629-4861-B7CD-34AF38D90B80}.Debug|Any CPU.Build.0 = Debug|Any CPU
		{73B70AEC-A629-4861-B7CD-34AF38D90B80}.Release|Any CPU.ActiveCfg = Release|Any CPU
		{73B70AEC-A629-4861-B7CD-34AF38D90B80}.Release|Any CPU.Build.0 = Release|Any CPU
		{2B447945-FF83-43D5-B9E7-6C7DBB5F72A5}.Debug|Any CPU.ActiveCfg = Debug|Any CPU
		{2B447945-FF83-43D5-B9E7-6C7DBB5F72A5}.Debug|Any CPU.Build.0 = Debug|Any CPU
		{2B447945-FF83-43D5-B9E7-6C7DBB5F72A5}.Release|Any CPU.ActiveCfg = Release|Any CPU
		{2B447945-FF83-43D5-B9E7-6C7DBB5F72A5}.Release|Any CPU.Build.0 = Release|Any CPU
	EndGlobalSection
	GlobalSection(SolutionProperties) = preSolution
		HideSolutionNode = FALSE
	EndGlobalSection
	GlobalSection(ExtensibilityGlobals) = postSolution
		SolutionGuid = {49BF8D0E-B8B7-44E8-9FA9-76C4FD749163}
	EndGlobalSection
EndGlobal
