
Microsoft Visual Studio Solution File, Format Version 12.00
# Visual Studio Version 17
VisualStudioVersion = 17.9.34728.123
MinimumVisualStudioVersion = 10.0.40219.1
Project("{FAE04EC0-301F-11D3-BF4B-00C04F79EFBC}") = "DataAPI", "DataAPI\DataAPI.csproj", "{A7F92367-8996-43C3-BAB4-A607DCE88B39}"
EndProject
Global
	GlobalSection(SolutionConfigurationPlatforms) = preSolution
		Debug|Any CPU = Debug|Any CPU
		Release|Any CPU = Release|Any CPU
	EndGlobalSection
	GlobalSection(ProjectConfigurationPlatforms) = postSolution
		{A7F92367-8996-43C3-BAB4-A607DCE88B39}.Debug|Any CPU.ActiveCfg = Debug|Any CPU
		{A7F92367-8996-43C3-BAB4-A607DCE88B39}.Debug|Any CPU.Build.0 = Debug|Any CPU
		{A7F92367-8996-43C3-BAB4-A607DCE88B39}.Release|Any CPU.ActiveCfg = Release|Any CPU
		{A7F92367-8996-43C3-BAB4-A607DCE88B39}.Release|Any CPU.Build.0 = Release|Any CPU
	EndGlobalSection
	GlobalSection(SolutionProperties) = preSolution
		HideSolutionNode = FALSE
	EndGlobalSection
	GlobalSection(ExtensibilityGlobals) = postSolution
		SolutionGuid = {49BF8D0E-B8B7-44E8-9FA9-76C4FD749163}
	EndGlobalSection
EndGlobal
